
Microsoft Visual Studio Solution File, Format Version 12.00
# Visual Studio Version 17
VisualStudioVersion = 17.2.32630.192
MinimumVisualStudioVersion = 10.0.40219.1
Project("{FAE04EC0-301F-11D3-BF4B-00C04F79EFBC}") = "ScaryClown", "ScaryClown\ScaryClown.csproj", "{DD39F383-F8D7-4D4F-B45F-0ED7B49826A9}"
EndProject
Global
	GlobalSection(SolutionConfigurationPlatforms) = preSolution
		Debug|Any CPU = Debug|Any CPU
		Release|Any CPU = Release|Any CPU
	EndGlobalSection
	GlobalSection(ProjectConfigurationPlatforms) = postSolution
		{DD39F383-F8D7-4D4F-B45F-0ED7B49826A9}.Debug|Any CPU.ActiveCfg = Debug|Any CPU
		{DD39F383-F8D7-4D4F-B45F-0ED7B49826A9}.Debug|Any CPU.Build.0 = Debug|Any CPU
		{DD39F383-F8D7-4D4F-B45F-0ED7B49826A9}.Release|Any CPU.ActiveCfg = Release|Any CPU
		{DD39F383-F8D7-4D4F-B45F-0ED7B49826A9}.Release|Any CPU.Build.0 = Release|Any CPU
	EndGlobalSection
	GlobalSection(SolutionProperties) = preSolution
		HideSolutionNode = FALSE
	EndGlobalSection
	GlobalSection(ExtensibilityGlobals) = postSolution
		SolutionGuid = {85FC7551-516B-493A-9C26-B09B1FF62255}
	EndGlobalSection
EndGlobal
